
Microsoft Visual Studio Solution File, Format Version 12.00
# Visual Studio 15
VisualStudioVersion = 15.0.27004.2005
MinimumVisualStudioVersion = 10.0.40219.1
Project("{9A19103F-16F7-4668-BE54-9A1E7A4F7556}") = "JsonFlatFileDataStore", "JsonFlatFileDataStore\JsonFlatFileDataStore.csproj", "{7B0D2D93-53C2-4B72-8132-1E65B4D75943}"
EndProject
Project("{9A19103F-16F7-4668-BE54-9A1E7A4F7556}") = "JsonFlatFileDataStore.Test", "JsonFlatFileDataStore.Test\JsonFlatFileDataStore.Test.csproj", "{ABCADAE4-A8A5-4824-BAEC-7FB701C0F984}"
EndProject
Project("{2150E333-8FDC-42A3-9474-1A3956D46DE8}") = "Solution Items", "Solution Items", "{E02F2E47-379D-441C-9B98-40F7BABDDC64}"
	ProjectSection(SolutionItems) = preProject
		.travis.yml = .travis.yml
		CHANGELOG.md = CHANGELOG.md
		LICENSE = LICENSE
		README.md = README.md
	EndProjectSection
EndProject
Project("{9A19103F-16F7-4668-BE54-9A1E7A4F7556}") = "JsonFlatFileDataStore.Benchmark", "JsonFlatFileDataStore.Benchmark\JsonFlatFileDataStore.Benchmark.csproj", "{31BC8A9C-A1E7-447F-BD67-66A6E607D476}"
EndProject
Global
	GlobalSection(SolutionConfigurationPlatforms) = preSolution
		Debug|Any CPU = Debug|Any CPU
		Release|Any CPU = Release|Any CPU
	EndGlobalSection
	GlobalSection(ProjectConfigurationPlatforms) = postSolution
		{7B0D2D93-53C2-4B72-8132-1E65B4D75943}.Debug|Any CPU.ActiveCfg = Debug|Any CPU
		{7B0D2D93-53C2-4B72-8132-1E65B4D75943}.Debug|Any CPU.Build.0 = Debug|Any CPU
		{7B0D2D93-53C2-4B72-8132-1E65B4D75943}.Release|Any CPU.ActiveCfg = Release|Any CPU
		{7B0D2D93-53C2-4B72-8132-1E65B4D75943}.Release|Any CPU.Build.0 = Release|Any CPU
		{ABCADAE4-A8A5-4824-BAEC-7FB701C0F984}.Debug|Any CPU.ActiveCfg = Debug|Any CPU
		{ABCADAE4-A8A5-4824-BAEC-7FB701C0F984}.Debug|Any CPU.Build.0 = Debug|Any CPU
		{ABCADAE4-A8A5-4824-BAEC-7FB701C0F984}.Release|Any CPU.ActiveCfg = Release|Any CPU
		{ABCADAE4-A8A5-4824-BAEC-7FB701C0F984}.Release|Any CPU.Build.0 = Release|Any CPU
		{31BC8A9C-A1E7-447F-BD67-66A6E607D476}.Debug|Any CPU.ActiveCfg = Debug|Any CPU
		{31BC8A9C-A1E7-447F-BD67-66A6E607D476}.Debug|Any CPU.Build.0 = Debug|Any CPU
		{31BC8A9C-A1E7-447F-BD67-66A6E607D476}.Release|Any CPU.ActiveCfg = Release|Any CPU
		{31BC8A9C-A1E7-447F-BD67-66A6E607D476}.Release|Any CPU.Build.0 = Release|Any CPU
	EndGlobalSection
	GlobalSection(SolutionProperties) = preSolution
		HideSolutionNode = FALSE
	EndGlobalSection
	GlobalSection(ExtensibilityGlobals) = postSolution
		SolutionGuid = {6AB12933-85DE-4858-89EC-9284DB5806B0}
	EndGlobalSection
EndGlobal
